
Microsoft Visual Studio Solution File, Format Version 12.00
# Visual Studio 15
VisualStudioVersion = 15.0.26228.13
MinimumVisualStudioVersion = 10.0.40219.1
Project("{FAE04EC0-301F-11D3-BF4B-00C04F79EFBC}") = "Compltdotnet", "Compltdotnet\Compltdotnet.csproj", "{087C98B8-6907-49BD-ADB9-7E189A1802D8}"
EndProject
Project("{FAE04EC0-301F-11D3-BF4B-00C04F79EFBC}") = "Genrics", "Genrics\Genrics.csproj", "{1E4D0722-10C9-4076-AD89-03710A5D6191}"
EndProject
Project("{FAE04EC0-301F-11D3-BF4B-00C04F79EFBC}") = "DAL", "DAL\DAL.csproj", "{DAF1918C-2BCB-4833-AB0F-2412F2AC2210}"
EndProject
Project("{FAE04EC0-301F-11D3-BF4B-00C04F79EFBC}") = "BAL", "BAL\BAL.csproj", "{FD7F9D1B-A47A-4409-9EA9-4A607A744AE2}"
EndProject
Project("{FAE04EC0-301F-11D3-BF4B-00C04F79EFBC}") = "ViewLayer", "ViewLayer\ViewLayer.csproj", "{7D9C2247-8D3E-4FBD-9338-9C555C7D5896}"
EndProject
Project("{FAE04EC0-301F-11D3-BF4B-00C04F79EFBC}") = "StudentInfo", "StudentInfo\StudentInfo.csproj", "{4D6362BE-388A-43A0-848C-4084247B5980}"
EndProject
Global
	GlobalSection(SolutionConfigurationPlatforms) = preSolution
		Debug|Any CPU = Debug|Any CPU
		Release|Any CPU = Release|Any CPU
	EndGlobalSection
	GlobalSection(ProjectConfigurationPlatforms) = postSolution
		{087C98B8-6907-49BD-ADB9-7E189A1802D8}.Debug|Any CPU.ActiveCfg = Debug|Any CPU
		{087C98B8-6907-49BD-ADB9-7E189A1802D8}.Debug|Any CPU.Build.0 = Debug|Any CPU
		{087C98B8-6907-49BD-ADB9-7E189A1802D8}.Release|Any CPU.ActiveCfg = Release|Any CPU
		{087C98B8-6907-49BD-ADB9-7E189A1802D8}.Release|Any CPU.Build.0 = Release|Any CPU
		{1E4D0722-10C9-4076-AD89-03710A5D6191}.Debug|Any CPU.ActiveCfg = Debug|Any CPU
		{1E4D0722-10C9-4076-AD89-03710A5D6191}.Debug|Any CPU.Build.0 = Debug|Any CPU
		{1E4D0722-10C9-4076-AD89-03710A5D6191}.Release|Any CPU.ActiveCfg = Release|Any CPU
		{1E4D0722-10C9-4076-AD89-03710A5D6191}.Release|Any CPU.Build.0 = Release|Any CPU
		{DAF1918C-2BCB-4833-AB0F-2412F2AC2210}.Debug|Any CPU.ActiveCfg = Debug|Any CPU
		{DAF1918C-2BCB-4833-AB0F-2412F2AC2210}.Debug|Any CPU.Build.0 = Debug|Any CPU
		{DAF1918C-2BCB-4833-AB0F-2412F2AC2210}.Release|Any CPU.ActiveCfg = Release|Any CPU
		{DAF1918C-2BCB-4833-AB0F-2412F2AC2210}.Release|Any CPU.Build.0 = Release|Any CPU
		{FD7F9D1B-A47A-4409-9EA9-4A607A744AE2}.Debug|Any CPU.ActiveCfg = Debug|Any CPU
		{FD7F9D1B-A47A-4409-9EA9-4A607A744AE2}.Debug|Any CPU.Build.0 = Debug|Any CPU
		{FD7F9D1B-A47A-4409-9EA9-4A607A744AE2}.Release|Any CPU.ActiveCfg = Release|Any CPU
		{FD7F9D1B-A47A-4409-9EA9-4A607A744AE2}.Release|Any CPU.Build.0 = Release|Any CPU
		{7D9C2247-8D3E-4FBD-9338-9C555C7D5896}.Debug|Any CPU.ActiveCfg = Debug|Any CPU
		{7D9C2247-8D3E-4FBD-9338-9C555C7D5896}.Debug|Any CPU.Build.0 = Debug|Any CPU
		{7D9C2247-8D3E-4FBD-9338-9C555C7D5896}.Release|Any CPU.ActiveCfg = Release|Any CPU
		{7D9C2247-8D3E-4FBD-9338-9C555C7D5896}.Release|Any CPU.Build.0 = Release|Any CPU
		{4D6362BE-388A-43A0-848C-4084247B5980}.Debug|Any CPU.ActiveCfg = Debug|Any CPU
		{4D6362BE-388A-43A0-848C-4084247B5980}.Debug|Any CPU.Build.0 = Debug|Any CPU
		{4D6362BE-388A-43A0-848C-4084247B5980}.Release|Any CPU.ActiveCfg = Release|Any CPU
		{4D6362BE-388A-43A0-848C-4084247B5980}.Release|Any CPU.Build.0 = Release|Any CPU
	EndGlobalSection
	GlobalSection(SolutionProperties) = preSolution
		HideSolutionNode = FALSE
	EndGlobalSection
EndGlobal
